
Microsoft Visual Studio Solution File, Format Version 12.00
# Visual Studio Version 17
VisualStudioVersion = 17.8.34309.116
MinimumVisualStudioVersion = 10.0.40219.1
Project("{FAE04EC0-301F-11D3-BF4B-00C04F79EFBC}") = "ConsoleUI", "ConsoleUI\ConsoleUI.csproj", "{C5966CBD-3454-4212-B51A-417B6494C6DD}"
EndProject
Global
	GlobalSection(SolutionConfigurationPlatforms) = preSolution
		Debug|Any CPU = Debug|Any CPU
		Release|Any CPU = Release|Any CPU
	EndGlobalSection
	GlobalSection(ProjectConfigurationPlatforms) = postSolution
		{C5966CBD-3454-4212-B51A-417B6494C6DD}.Debug|Any CPU.ActiveCfg = Debug|Any CPU
		{C5966CBD-3454-4212-B51A-417B6494C6DD}.Debug|Any CPU.Build.0 = Debug|Any CPU
		{C5966CBD-3454-4212-B51A-417B6494C6DD}.Release|Any CPU.ActiveCfg = Release|Any CPU
		{C5966CBD-3454-4212-B51A-417B6494C6DD}.Release|Any CPU.Build.0 = Release|Any CPU
	EndGlobalSection
	GlobalSection(SolutionProperties) = preSolution
		HideSolutionNode = FALSE
	EndGlobalSection
	GlobalSection(ExtensibilityGlobals) = postSolution
		SolutionGuid = {E0E0AB55-51AE-43FF-9DDE-5DD12D70ABC1}
	EndGlobalSection
EndGlobal
